{
    "_readme": [
        "This file locks the dependencies of your project to a known state",
        "Read more about it at https://getcomposer.org/doc/01-basic-usage.md#composer-lock-the-lock-file",
        "This file is @generated automatically"
    ],
    "content-hash": "10e8ec23311e9d13dfad14c3d7960ccb",
    "packages": [
        {
            "name": "jascha030/wp-subscriptions",
            "version": "1.0.2",
            "source": {
                "type": "git",
                "url": "https://github.com/jascha030/wp-subscriptions.git",
                "reference": "191bea22a26622c3f16b41adf82fdce5b5ea25df"
            },
            "dist": {
                "type": "zip",
                "url": "https://api.github.com/repos/jascha030/wp-subscriptions/zipball/191bea22a26622c3f16b41adf82fdce5b5ea25df",
                "reference": "191bea22a26622c3f16b41adf82fdce5b5ea25df",
                "shasum": ""
            },
            "type": "library",
            "autoload": {
                "psr-4": {
                    "Jascha030\\WP\\Subscriptions\\": "src/"
                }
            },
            "notification-url": "https://packagist.org/downloads/",
            "license": [
                "MIT"
            ],
            "authors": [
                {
                    "name": "Jascha van Aalst",
                    "email": "contact@jaschavanaalst.nl",
                    "homepage": "https://github.com/jascha030",
                    "role": "Developer"
                }
            ],
            "description": "OOP Interface for using the WP Plugin API (Hooks)",
            "time": "2020-04-26T12:09:05+00:00"
        }
    ],
    "packages-dev": [],
    "aliases": [],
    "minimum-stability": "stable",
    "stability-flags": [],
    "prefer-stable": false,
    "prefer-lowest": false,
    "platform": [],
    "platform-dev": []
}
